
Microsoft Visual Studio Solution File, Format Version 12.00
# Visual Studio 2013
VisualStudioVersion = 12.0.31101.0
MinimumVisualStudioVersion = 10.0.40219.1
Project("{FAE04EC0-301F-11D3-BF4B-00C04F79EFBC}") = "TUM.CMS.VplControl", "TUM.CMS.VplControl\TUM.CMS.VplControl.csproj", "{593E9BFD-BE78-4487-9E22-76AE7DF0B84A}"
EndProject
Project("{FAE04EC0-301F-11D3-BF4B-00C04F79EFBC}") = "TUM.CMS.VplControl.Test", "TUM.CMS.VplControl.Test\TUM.CMS.VplControl.Test.csproj", "{A2AAA7E5-91CA-4349-8569-0A21037CE666}"
	ProjectSection(ProjectDependencies) = postProject
		{A8B4A5F8-87BB-489D-A107-F58E818AB82D} = {A8B4A5F8-87BB-489D-A107-F58E818AB82D}
		{593E9BFD-BE78-4487-9E22-76AE7DF0B84A} = {593E9BFD-BE78-4487-9E22-76AE7DF0B84A}
	EndProjectSection
EndProject
Project("{FAE04EC0-301F-11D3-BF4B-00C04F79EFBC}") = "TUM.CMS.VPL.Scripting", "TUM.CMS.VPL.Scripting\TUM.CMS.VPL.Scripting.csproj", "{A8B4A5F8-87BB-489D-A107-F58E818AB82D}"
	ProjectSection(ProjectDependencies) = postProject
		{593E9BFD-BE78-4487-9E22-76AE7DF0B84A} = {593E9BFD-BE78-4487-9E22-76AE7DF0B84A}
	EndProjectSection
EndProject
Project("{FAE04EC0-301F-11D3-BF4B-00C04F79EFBC}") = "TUM.CMS.VplControl.Watch3D", "TUM.CMS.VplControl.Watch3D\TUM.CMS.VplControl.Watch3D.csproj", "{39C73FB5-D284-409D-835A-803090E867C9}"
EndProject
Project("{FAE04EC0-301F-11D3-BF4B-00C04F79EFBC}") = "TUM.CMS.NodeClassGenerator", "TUM.CMS.NodeClassGenerator\TUM.CMS.NodeClassGenerator.csproj", "{E7781C0B-E040-4D1A-A929-92FF22AEA95D}"
EndProject
Global
	GlobalSection(SolutionConfigurationPlatforms) = preSolution
		Debug|Any CPU = Debug|Any CPU
		Debug|x64 = Debug|x64
		Release|Any CPU = Release|Any CPU
		Release|x64 = Release|x64
	EndGlobalSection
	GlobalSection(ProjectConfigurationPlatforms) = postSolution
		{593E9BFD-BE78-4487-9E22-76AE7DF0B84A}.Debug|Any CPU.ActiveCfg = Debug|Any CPU
		{593E9BFD-BE78-4487-9E22-76AE7DF0B84A}.Debug|Any CPU.Build.0 = Debug|Any CPU
		{593E9BFD-BE78-4487-9E22-76AE7DF0B84A}.Debug|x64.ActiveCfg = Debug|Any CPU
		{593E9BFD-BE78-4487-9E22-76AE7DF0B84A}.Release|Any CPU.ActiveCfg = Release|Any CPU
		{593E9BFD-BE78-4487-9E22-76AE7DF0B84A}.Release|Any CPU.Build.0 = Release|Any CPU
		{593E9BFD-BE78-4487-9E22-76AE7DF0B84A}.Release|x64.ActiveCfg = Release|Any CPU
		{A2AAA7E5-91CA-4349-8569-0A21037CE666}.Debug|Any CPU.ActiveCfg = Debug|Any CPU
		{A2AAA7E5-91CA-4349-8569-0A21037CE666}.Debug|Any CPU.Build.0 = Debug|Any CPU
		{A2AAA7E5-91CA-4349-8569-0A21037CE666}.Debug|x64.ActiveCfg = Debug|Any CPU
		{A2AAA7E5-91CA-4349-8569-0A21037CE666}.Release|Any CPU.ActiveCfg = Release|Any CPU
		{A2AAA7E5-91CA-4349-8569-0A21037CE666}.Release|Any CPU.Build.0 = Release|Any CPU
		{A2AAA7E5-91CA-4349-8569-0A21037CE666}.Release|x64.ActiveCfg = Release|Any CPU
		{A8B4A5F8-87BB-489D-A107-F58E818AB82D}.Debug|Any CPU.ActiveCfg = Debug|Any CPU
		{A8B4A5F8-87BB-489D-A107-F58E818AB82D}.Debug|Any CPU.Build.0 = Debug|Any CPU
		{A8B4A5F8-87BB-489D-A107-F58E818AB82D}.Debug|x64.ActiveCfg = Debug|Any CPU
		{A8B4A5F8-87BB-489D-A107-F58E818AB82D}.Release|Any CPU.ActiveCfg = Release|Any CPU
		{A8B4A5F8-87BB-489D-A107-F58E818AB82D}.Release|Any CPU.Build.0 = Release|Any CPU
		{A8B4A5F8-87BB-489D-A107-F58E818AB82D}.Release|x64.ActiveCfg = Release|Any CPU
		{39C73FB5-D284-409D-835A-803090E867C9}.Debug|Any CPU.ActiveCfg = Debug|Any CPU
		{39C73FB5-D284-409D-835A-803090E867C9}.Debug|Any CPU.Build.0 = Debug|Any CPU
		{39C73FB5-D284-409D-835A-803090E867C9}.Debug|x64.ActiveCfg = Debug|x64
		{39C73FB5-D284-409D-835A-803090E867C9}.Debug|x64.Build.0 = Debug|x64
		{39C73FB5-D284-409D-835A-803090E867C9}.Release|Any CPU.ActiveCfg = Release|Any CPU
		{39C73FB5-D284-409D-835A-803090E867C9}.Release|Any CPU.Build.0 = Release|Any CPU
		{39C73FB5-D284-409D-835A-803090E867C9}.Release|x64.ActiveCfg = Release|x64
		{39C73FB5-D284-409D-835A-803090E867C9}.Release|x64.Build.0 = Release|x64
		{E7781C0B-E040-4D1A-A929-92FF22AEA95D}.Debug|Any CPU.ActiveCfg = Debug|Any CPU
		{E7781C0B-E040-4D1A-A929-92FF22AEA95D}.Debug|Any CPU.Build.0 = Debug|Any CPU
		{E7781C0B-E040-4D1A-A929-92FF22AEA95D}.Debug|x64.ActiveCfg = Debug|Any CPU
		{E7781C0B-E040-4D1A-A929-92FF22AEA95D}.Release|Any CPU.ActiveCfg = Release|Any CPU
		{E7781C0B-E040-4D1A-A929-92FF22AEA95D}.Release|Any CPU.Build.0 = Release|Any CPU
		{E7781C0B-E040-4D1A-A929-92FF22AEA95D}.Release|x64.ActiveCfg = Release|Any CPU
	EndGlobalSection
	GlobalSection(SolutionProperties) = preSolution
		HideSolutionNode = FALSE
	EndGlobalSection
EndGlobal
